
Microsoft Visual Studio Solution File, Format Version 12.00
# Visual Studio 15
VisualStudioVersion = 15.0.28010.2048
MinimumVisualStudioVersion = 10.0.40219.1
Project("{FAE04EC0-301F-11D3-BF4B-00C04F79EFBC}") = "Entidades", "Entidades\Entidades.csproj", "{770DC199-8C03-4612-9F79-201C9A265F0F}"
EndProject
Project("{FAE04EC0-301F-11D3-BF4B-00C04F79EFBC}") = "MiCalculadora", "MiCalculadora\MiCalculadora.csproj", "{76FB4A92-BF78-4EA1-A686-BFFAED95C4F9}"
EndProject
Global
	GlobalSection(SolutionConfigurationPlatforms) = preSolution
		Debug|Any CPU = Debug|Any CPU
		Release|Any CPU = Release|Any CPU
	EndGlobalSection
	GlobalSection(ProjectConfigurationPlatforms) = postSolution
		{770DC199-8C03-4612-9F79-201C9A265F0F}.Debug|Any CPU.ActiveCfg = Debug|Any CPU
		{770DC199-8C03-4612-9F79-201C9A265F0F}.Debug|Any CPU.Build.0 = Debug|Any CPU
		{770DC199-8C03-4612-9F79-201C9A265F0F}.Release|Any CPU.ActiveCfg = Release|Any CPU
		{770DC199-8C03-4612-9F79-201C9A265F0F}.Release|Any CPU.Build.0 = Release|Any CPU
		{76FB4A92-BF78-4EA1-A686-BFFAED95C4F9}.Debug|Any CPU.ActiveCfg = Debug|Any CPU
		{76FB4A92-BF78-4EA1-A686-BFFAED95C4F9}.Debug|Any CPU.Build.0 = Debug|Any CPU
		{76FB4A92-BF78-4EA1-A686-BFFAED95C4F9}.Release|Any CPU.ActiveCfg = Release|Any CPU
		{76FB4A92-BF78-4EA1-A686-BFFAED95C4F9}.Release|Any CPU.Build.0 = Release|Any CPU
	EndGlobalSection
	GlobalSection(SolutionProperties) = preSolution
		HideSolutionNode = FALSE
	EndGlobalSection
	GlobalSection(ExtensibilityGlobals) = postSolution
		SolutionGuid = {43459671-36C5-4171-8C2D-0A6D2AC23CA7}
	EndGlobalSection
EndGlobal
